
Microsoft Visual Studio Solution File, Format Version 12.00
# Visual Studio Version 17
VisualStudioVersion = 17.9.34723.18
MinimumVisualStudioVersion = 10.0.40219.1
Project("{FAE04EC0-301F-11D3-BF4B-00C04F79EFBC}") = "MyWebAPP", "MyWebAPP\MyWebAPP.csproj", "{7D385692-CCEF-45FA-9110-087A3648494C}"
EndProject
Global
	GlobalSection(SolutionConfigurationPlatforms) = preSolution
		Debug|Any CPU = Debug|Any CPU
		Release|Any CPU = Release|Any CPU
	EndGlobalSection
	GlobalSection(ProjectConfigurationPlatforms) = postSolution
		{7D385692-CCEF-45FA-9110-087A3648494C}.Debug|Any CPU.ActiveCfg = Debug|Any CPU
		{7D385692-CCEF-45FA-9110-087A3648494C}.Debug|Any CPU.Build.0 = Debug|Any CPU
		{7D385692-CCEF-45FA-9110-087A3648494C}.Release|Any CPU.ActiveCfg = Release|Any CPU
		{7D385692-CCEF-45FA-9110-087A3648494C}.Release|Any CPU.Build.0 = Release|Any CPU
	EndGlobalSection
	GlobalSection(SolutionProperties) = preSolution
		HideSolutionNode = FALSE
	EndGlobalSection
	GlobalSection(ExtensibilityGlobals) = postSolution
		SolutionGuid = {1227A84A-2289-4088-812F-DF3CBF87341B}
	EndGlobalSection
EndGlobal
